
Microsoft Visual Studio Solution File, Format Version 12.00
# Visual Studio 15
VisualStudioVersion = 15.0.27428.2015
MinimumVisualStudioVersion = 10.0.40219.1
Project("{9A19103F-16F7-4668-BE54-9A1E7A4F7556}") = "Nancy.Serialization.Hyperion", "Nancy.Serialization.Hyperion\Nancy.Serialization.Hyperion.csproj", "{B8002840-F563-4FAC-AB26-3579B78E8BC3}"
EndProject
Project("{9A19103F-16F7-4668-BE54-9A1E7A4F7556}") = "Nancy.Serialization.Hyperion.Tests", "Nancy.Serialization.Hyperion.Tests\Nancy.Serialization.Hyperion.Tests.csproj", "{895C7361-D377-4506-9B78-5ADD4EC97E97}"
EndProject
Global
	GlobalSection(SolutionConfigurationPlatforms) = preSolution
		Debug|Any CPU = Debug|Any CPU
		Release|Any CPU = Release|Any CPU
	EndGlobalSection
	GlobalSection(ProjectConfigurationPlatforms) = postSolution
		{B8002840-F563-4FAC-AB26-3579B78E8BC3}.Debug|Any CPU.ActiveCfg = Debug|Any CPU
		{B8002840-F563-4FAC-AB26-3579B78E8BC3}.Debug|Any CPU.Build.0 = Debug|Any CPU
		{B8002840-F563-4FAC-AB26-3579B78E8BC3}.Release|Any CPU.ActiveCfg = Release|Any CPU
		{B8002840-F563-4FAC-AB26-3579B78E8BC3}.Release|Any CPU.Build.0 = Release|Any CPU
		{895C7361-D377-4506-9B78-5ADD4EC97E97}.Debug|Any CPU.ActiveCfg = Debug|Any CPU
		{895C7361-D377-4506-9B78-5ADD4EC97E97}.Debug|Any CPU.Build.0 = Debug|Any CPU
		{895C7361-D377-4506-9B78-5ADD4EC97E97}.Release|Any CPU.ActiveCfg = Release|Any CPU
		{895C7361-D377-4506-9B78-5ADD4EC97E97}.Release|Any CPU.Build.0 = Release|Any CPU
	EndGlobalSection
	GlobalSection(SolutionProperties) = preSolution
		HideSolutionNode = FALSE
	EndGlobalSection
	GlobalSection(ExtensibilityGlobals) = postSolution
		SolutionGuid = {5278DFE4-BE0D-4AD6-9AE4-39FA396B15CC}
	EndGlobalSection
EndGlobal
